{
  "version": "v1",
  "packages": {
    "ot-json0": {
      "signature": "d490e3f493d2961ca8a30affca54b858",
      "file": true
    },
    "@teamwork/sharedb": {
      "signature": "e637c4e2a5faeed3b24acb8a12d724cf",
      "file": true
    },
    "@convergence/html-text-collab-ext": {
      "signature": "46fdd84c7c0fec767f76eeb79a2fb6d3",
      "file": true
    },
    "sharedb-string-binding": {
      "signature": "58eda3cdfff1ed845bd8be8cb11f732d",
      "file": true
    },
    "rich-text": {
      "signature": "2ecc70435deae9f6af7e962d523899aa",
      "file": true
    },
    "reactive-tools": {
      "signature": "0c2be09edd94763816789fed834b4c70",
      "file": true
    }
  }
}